
Microsoft Visual Studio Solution File, Format Version 12.00
# Visual Studio Version 17
VisualStudioVersion = 17.0.31912.275
MinimumVisualStudioVersion = 10.0.40219.1
Project("{FAE04EC0-301F-11D3-BF4B-00C04F79EFBC}") = "Lab2", "Lab2\Lab2.csproj", "{5C35D9CA-D091-4015-A3BB-0F3C6BE7E251}"
EndProject
Global
	GlobalSection(SolutionConfigurationPlatforms) = preSolution
		Debug|Any CPU = Debug|Any CPU
		Release|Any CPU = Release|Any CPU
	EndGlobalSection
	GlobalSection(ProjectConfigurationPlatforms) = postSolution
		{5C35D9CA-D091-4015-A3BB-0F3C6BE7E251}.Debug|Any CPU.ActiveCfg = Debug|Any CPU
		{5C35D9CA-D091-4015-A3BB-0F3C6BE7E251}.Debug|Any CPU.Build.0 = Debug|Any CPU
		{5C35D9CA-D091-4015-A3BB-0F3C6BE7E251}.Release|Any CPU.ActiveCfg = Release|Any CPU
		{5C35D9CA-D091-4015-A3BB-0F3C6BE7E251}.Release|Any CPU.Build.0 = Release|Any CPU
	EndGlobalSection
	GlobalSection(SolutionProperties) = preSolution
		HideSolutionNode = FALSE
	EndGlobalSection
	GlobalSection(ExtensibilityGlobals) = postSolution
		SolutionGuid = {96A7C71B-0F32-4C65-B6F0-070AFD87781E}
	EndGlobalSection
EndGlobal
